// !$*UTF8*$!
{
	archiveVersion = 1;
	classes = {
	};
	objectVersion = 46;
	objects = {

/* Begin PBXBuildFile section */
		AB3C92141633574A00956A33 /* CMNRightBezelSwipeGestureRecognizer.m in Sources */ = {isa = PBXBuildFile; fileRef = AB3C92131633574A00956A33 /* CMNRightBezelSwipeGestureRecognizer.m */; };
		AB6ADCF11586F7050053407F /* UIKit.framework in Frameworks */ = {isa = PBXBuildFile; fileRef = AB6ADCF01586F7050053407F /* UIKit.framework */; };
		AB6ADCF31586F7050053407F /* Foundation.framework in Frameworks */ = {isa = PBXBuildFile; fileRef = AB6ADCF21586F7050053407F /* Foundation.framework */; };
		AB6ADCF51586F7050053407F /* CoreGraphics.framework in Frameworks */ = {isa = PBXBuildFile; fileRef = AB6ADCF41586F7050053407F /* CoreGraphics.framework */; };
		AB6ADCFB1586F7050053407F /* InfoPlist.strings in Resources */ = {isa = PBXBuildFile; fileRef = AB6ADCF91586F7050053407F /* InfoPlist.strings */; };
		AB6ADCFD1586F7050053407F /* main.m in Sources */ = {isa = PBXBuildFile; fileRef = AB6ADCFC1586F7050053407F /* main.m */; };
		AB6ADD011586F7050053407F /* CMNAppDelegate.m in Sources */ = {isa = PBXBuildFile; fileRef = AB6ADD001586F7050053407F /* CMNAppDelegate.m */; };
		AB6ADD221586F7590053407F /* CMNDisplayViewController.m in Sources */ = {isa = PBXBuildFile; fileRef = AB6ADD201586F7590053407F /* CMNDisplayViewController.m */; };
		AB9092CA17F22BDC00F216F7 /* surprise.png in Resources */ = {isa = PBXBuildFile; fileRef = AB9092C917F22BDC00F216F7 /* surprise.png */; };
		ABB0A397163361DC00ED2C74 /* Default-568h@2x.png in Resources */ = {isa = PBXBuildFile; fileRef = ABB0A396163361DC00ED2C74 /* Default-568h@2x.png */; };
		ABC6BD981586F7B30071408C /* Storyboard.storyboard in Resources */ = {isa = PBXBuildFile; fileRef = ABC6BD971586F7B30071408C /* Storyboard.storyboard */; };
		ABFC1D3B1586FF1F00FCCD5B /* PRPCircleGestureRecognizer.m in Sources */ = {isa = PBXBuildFile; fileRef = ABFC1D3A1586FF1F00FCCD5B /* PRPCircleGestureRecognizer.m */; };
		ABFCDFD4158A549200D9624E /* TrackingGestureRecognizer.m in Sources */ = {isa = PBXBuildFile; fileRef = ABFCDFD3158A549200D9624E /* TrackingGestureRecognizer.m */; };
/* End PBXBuildFile section */

/* Begin PBXFileReference section */
		AB3C92121633574A00956A33 /* CMNRightBezelSwipeGestureRecognizer.h */ = {isa = PBXFileReference; fileEncoding = 4; lastKnownFileType = sourcecode.c.h; path = CMNRightBezelSwipeGestureRecognizer.h; sourceTree = "<group>"; };
		AB3C92131633574A00956A33 /* CMNRightBezelSwipeGestureRecognizer.m */ = {isa = PBXFileReference; fileEncoding = 4; lastKnownFileType = sourcecode.c.objc; path = CMNRightBezelSwipeGestureRecognizer.m; sourceTree = "<group>"; };
		AB6ADCEC1586F7050053407F /* GestureExample.app */ = {isa = PBXFileReference; explicitFileType = wrapper.application; includeInIndex = 0; path = GestureExample.app; sourceTree = BUILT_PRODUCTS_DIR; };
		AB6ADCF01586F7050053407F /* UIKit.framework */ = {isa = PBXFileReference; lastKnownFileType = wrapper.framework; name = UIKit.framework; path = System/Library/Frameworks/UIKit.framework; sourceTree = SDKROOT; };
		AB6ADCF21586F7050053407F /* Foundation.framework */ = {isa = PBXFileReference; lastKnownFileType = wrapper.framework; name = Foundation.framework; path = System/Library/Frameworks/Foundation.framework; sourceTree = SDKROOT; };
		AB6ADCF41586F7050053407F /* CoreGraphics.framework */ = {isa = PBXFileReference; lastKnownFileType = wrapper.framework; name = CoreGraphics.framework; path = System/Library/Frameworks/CoreGraphics.framework; sourceTree = SDKROOT; };
		AB6ADCF81586F7050053407F /* GestureExample-Info.plist */ = {isa = PBXFileReference; lastKnownFileType = text.plist.xml; path = "GestureExample-Info.plist"; sourceTree = "<group>"; };
		AB6ADCFA1586F7050053407F /* en */ = {isa = PBXFileReference; lastKnownFileType = text.plist.strings; name = en; path = en.lproj/InfoPlist.strings; sourceTree = "<group>"; };
		AB6ADCFC1586F7050053407F /* main.m */ = {isa = PBXFileReference; lastKnownFileType = sourcecode.c.objc; path = main.m; sourceTree = "<group>"; };
		AB6ADCFE1586F7050053407F /* GestureExample-Prefix.pch */ = {isa = PBXFileReference; lastKnownFileType = sourcecode.c.h; path = "GestureExample-Prefix.pch"; sourceTree = "<group>"; };
		AB6ADCFF1586F7050053407F /* CMNAppDelegate.h */ = {isa = PBXFileReference; lastKnownFileType = sourcecode.c.h; path = CMNAppDelegate.h; sourceTree = "<group>"; };
		AB6ADD001586F7050053407F /* CMNAppDelegate.m */ = {isa = PBXFileReference; lastKnownFileType = sourcecode.c.objc; path = CMNAppDelegate.m; sourceTree = "<group>"; };
		AB6ADD1F1586F7590053407F /* CMNDisplayViewController.h */ = {isa = PBXFileReference; fileEncoding = 4; lastKnownFileType = sourcecode.c.h; path = CMNDisplayViewController.h; sourceTree = "<group>"; };
		AB6ADD201586F7590053407F /* CMNDisplayViewController.m */ = {isa = PBXFileReference; fileEncoding = 4; lastKnownFileType = sourcecode.c.objc; path = CMNDisplayViewController.m; sourceTree = "<group>"; };
		AB9092C917F22BDC00F216F7 /* surprise.png */ = {isa = PBXFileReference; lastKnownFileType = image.png; path = surprise.png; sourceTree = "<group>"; };
		ABB0A396163361DC00ED2C74 /* Default-568h@2x.png */ = {isa = PBXFileReference; lastKnownFileType = image.png; path = "Default-568h@2x.png"; sourceTree = "<group>"; };
		ABC6BD971586F7B30071408C /* Storyboard.storyboard */ = {isa = PBXFileReference; fileEncoding = 4; lastKnownFileType = file.storyboard; path = Storyboard.storyboard; sourceTree = "<group>"; };
		ABFC1D391586FF1F00FCCD5B /* PRPCircleGestureRecognizer.h */ = {isa = PBXFileReference; fileEncoding = 4; lastKnownFileType = sourcecode.c.h; path = PRPCircleGestureRecognizer.h; sourceTree = "<group>"; };
		ABFC1D3A1586FF1F00FCCD5B /* PRPCircleGestureRecognizer.m */ = {isa = PBXFileReference; fileEncoding = 4; lastKnownFileType = sourcecode.c.objc; path = PRPCircleGestureRecognizer.m; sourceTree = "<group>"; };
		ABFCDFD2158A549200D9624E /* TrackingGestureRecognizer.h */ = {isa = PBXFileReference; fileEncoding = 4; lastKnownFileType = sourcecode.c.h; path = TrackingGestureRecognizer.h; sourceTree = "<group>"; };
		ABFCDFD3158A549200D9624E /* TrackingGestureRecognizer.m */ = {isa = PBXFileReference; fileEncoding = 4; lastKnownFileType = sourcecode.c.objc; path = TrackingGestureRecognizer.m; sourceTree = "<group>"; };
/* End PBXFileReference section */

/* Begin PBXFrameworksBuildPhase section */
		AB6ADCE91586F7050053407F /* Frameworks */ = {
			isa = PBXFrameworksBuildPhase;
			buildActionMask = 2147483647;
			files = (
				AB6ADCF11586F7050053407F /* UIKit.framework in Frameworks */,
				AB6ADCF31586F7050053407F /* Foundation.framework in Frameworks */,
				AB6ADCF51586F7050053407F /* CoreGraphics.framework in Frameworks */,
			);
			runOnlyForDeploymentPostprocessing = 0;
		};
/* End PBXFrameworksBuildPhase section */

/* Begin PBXGroup section */
		AB6ADCE11586F7050053407F = {
			isa = PBXGroup;
			children = (
				AB6ADCF61586F7050053407F /* GestureExample */,
				AB6ADCEF1586F7050053407F /* Frameworks */,
				AB6ADCED1586F7050053407F /* Products */,
			);
			sourceTree = "<group>";
		};
		AB6ADCED1586F7050053407F /* Products */ = {
			isa = PBXGroup;
			children = (
				AB6ADCEC1586F7050053407F /* GestureExample.app */,
			);
			name = Products;
			sourceTree = "<group>";
		};
		AB6ADCEF1586F7050053407F /* Frameworks */ = {
			isa = PBXGroup;
			children = (
				AB6ADCF01586F7050053407F /* UIKit.framework */,
				AB6ADCF21586F7050053407F /* Foundation.framework */,
				AB6ADCF41586F7050053407F /* CoreGraphics.framework */,
			);
			name = Frameworks;
			sourceTree = "<group>";
		};
		AB6ADCF61586F7050053407F /* GestureExample */ = {
			isa = PBXGroup;
			children = (
				ABC6BD971586F7B30071408C /* Storyboard.storyboard */,
				AB6ADCFF1586F7050053407F /* CMNAppDelegate.h */,
				AB6ADD001586F7050053407F /* CMNAppDelegate.m */,
				AB6ADD1F1586F7590053407F /* CMNDisplayViewController.h */,
				AB6ADD201586F7590053407F /* CMNDisplayViewController.m */,
				ABFCDFD2158A549200D9624E /* TrackingGestureRecognizer.h */,
				ABFCDFD3158A549200D9624E /* TrackingGestureRecognizer.m */,
				ABFC1D391586FF1F00FCCD5B /* PRPCircleGestureRecognizer.h */,
				ABFC1D3A1586FF1F00FCCD5B /* PRPCircleGestureRecognizer.m */,
				AB3C92121633574A00956A33 /* CMNRightBezelSwipeGestureRecognizer.h */,
				AB3C92131633574A00956A33 /* CMNRightBezelSwipeGestureRecognizer.m */,
				ABB0A396163361DC00ED2C74 /* Default-568h@2x.png */,
				AB9092C917F22BDC00F216F7 /* surprise.png */,
				AB6ADCF71586F7050053407F /* Supporting Files */,
			);
			path = GestureExample;
			sourceTree = "<group>";
		};
		AB6ADCF71586F7050053407F /* Supporting Files */ = {
			isa = PBXGroup;
			children = (
				AB6ADCF81586F7050053407F /* GestureExample-Info.plist */,
				AB6ADCF91586F7050053407F /* InfoPlist.strings */,
				AB6ADCFC1586F7050053407F /* main.m */,
				AB6ADCFE1586F7050053407F /* GestureExample-Prefix.pch */,
			);
			name = "Supporting Files";
			sourceTree = "<group>";
		};
/* End PBXGroup section */

/* Begin PBXNativeTarget section */
		AB6ADCEB1586F7050053407F /* GestureExample */ = {
			isa = PBXNativeTarget;
			buildConfigurationList = AB6ADD191586F7060053407F /* Build configuration list for PBXNativeTarget "GestureExample" */;
			buildPhases = (
				AB6ADCE81586F7050053407F /* Sources */,
				AB6ADCE91586F7050053407F /* Frameworks */,
				AB6ADCEA1586F7050053407F /* Resources */,
			);
			buildRules = (
			);
			dependencies = (
			);
			name = GestureExample;
			productName = GestureExample;
			productReference = AB6ADCEC1586F7050053407F /* GestureExample.app */;
			productType = "com.apple.product-type.application";
		};
/* End PBXNativeTarget section */

/* Begin PBXProject section */
		AB6ADCE31586F7050053407F /* Project object */ = {
			isa = PBXProject;
			attributes = {
				CLASSPREFIX = CMN;
				LastUpgradeCheck = 0460;
				ORGANIZATIONNAME = "Navel Labs";
			};
			buildConfigurationList = AB6ADCE61586F7050053407F /* Build configuration list for PBXProject "GestureExample" */;
			compatibilityVersion = "Xcode 3.2";
			developmentRegion = English;
			hasScannedForEncodings = 0;
			knownRegions = (
				en,
			);
			mainGroup = AB6ADCE11586F7050053407F;
			productRefGroup = AB6ADCED1586F7050053407F /* Products */;
			projectDirPath = "";
			projectRoot = "";
			targets = (
				AB6ADCEB1586F7050053407F /* GestureExample */,
			);
		};
/* End PBXProject section */

/* Begin PBXResourcesBuildPhase section */
		AB6ADCEA1586F7050053407F /* Resources */ = {
			isa = PBXResourcesBuildPhase;
			buildActionMask = 2147483647;
			files = (
				AB9092CA17F22BDC00F216F7 /* surprise.png in Resources */,
				AB6ADCFB1586F7050053407F /* InfoPlist.strings in Resources */,
				ABC6BD981586F7B30071408C /* Storyboard.storyboard in Resources */,
				ABB0A397163361DC00ED2C74 /* Default-568h@2x.png in Resources */,
			);
			runOnlyForDeploymentPostprocessing = 0;
		};
/* End PBXResourcesBuildPhase section */

/* Begin PBXSourcesBuildPhase section */
		AB6ADCE81586F7050053407F /* Sources */ = {
			isa = PBXSourcesBuildPhase;
			buildActionMask = 2147483647;
			files = (
				AB6ADCFD1586F7050053407F /* main.m in Sources */,
				AB6ADD011586F7050053407F /* CMNAppDelegate.m in Sources */,
				AB6ADD221586F7590053407F /* CMNDisplayViewController.m in Sources */,
				ABFC1D3B1586FF1F00FCCD5B /* PRPCircleGestureRecognizer.m in Sources */,
				ABFCDFD4158A549200D9624E /* TrackingGestureRecognizer.m in Sources */,
				AB3C92141633574A00956A33 /* CMNRightBezelSwipeGestureRecognizer.m in Sources */,
			);
			runOnlyForDeploymentPostprocessing = 0;
		};
/* End PBXSourcesBuildPhase section */

/* Begin PBXVariantGroup section */
		AB6ADCF91586F7050053407F /* InfoPlist.strings */ = {
			isa = PBXVariantGroup;
			children = (
				AB6ADCFA1586F7050053407F /* en */,
			);
			name = InfoPlist.strings;
			sourceTree = "<group>";
		};
/* End PBXVariantGroup section */

/* Begin XCBuildConfiguration section */
		AB6ADD171586F7060053407F /* Debug */ = {
			isa = XCBuildConfiguration;
			buildSettings = {
				ALWAYS_SEARCH_USER_PATHS = NO;
				CLANG_ENABLE_OBJC_ARC = YES;
				CLANG_WARN_CONSTANT_CONVERSION = YES;
				CLANG_WARN_ENUM_CONVERSION = YES;
				CLANG_WARN_INT_CONVERSION = YES;
				CLANG_WARN__DUPLICATE_METHOD_MATCH = YES;
				"CODE_SIGN_IDENTITY[sdk=iphoneos*]" = "iPhone Developer";
				COPY_PHASE_STRIP = NO;
				GCC_C_LANGUAGE_STANDARD = gnu99;
				GCC_DYNAMIC_NO_PIC = NO;
				GCC_OPTIMIZATION_LEVEL = 0;
				GCC_PREPROCESSOR_DEFINITIONS = (
					"DEBUG=1",
					"$(inherited)",
				);
				GCC_SYMBOLS_PRIVATE_EXTERN = NO;
				GCC_VERSION = com.apple.compilers.llvm.clang.1_0;
				GCC_WARN_ABOUT_RETURN_TYPE = YES;
				GCC_WARN_UNINITIALIZED_AUTOS = YES;
				GCC_WARN_UNUSED_VARIABLE = YES;
				SDKROOT = iphoneos;
				TARGETED_DEVICE_FAMILY = "1,2";
			};
			name = Debug;
		};
		AB6ADD181586F7060053407F /* Release */ = {
			isa = XCBuildConfiguration;
			buildSettings = {
				ALWAYS_SEARCH_USER_PATHS = NO;
				CLANG_ENABLE_OBJC_ARC = YES;
				CLANG_WARN_CONSTANT_CONVERSION = YES;
				CLANG_WARN_ENUM_CONVERSION = YES;
				CLANG_WARN_INT_CONVERSION = YES;
				CLANG_WARN__DUPLICATE_METHOD_MATCH = YES;
				"CODE_SIGN_IDENTITY[sdk=iphoneos*]" = "iPhone Developer";
				COPY_PHASE_STRIP = YES;
				GCC_C_LANGUAGE_STANDARD = gnu99;
				GCC_VERSION = com.apple.compilers.llvm.clang.1_0;
				GCC_WARN_ABOUT_RETURN_TYPE = YES;
				GCC_WARN_UNINITIALIZED_AUTOS = YES;
				GCC_WARN_UNUSED_VARIABLE = YES;
				OTHER_CFLAGS = "-DNS_BLOCK_ASSERTIONS=1";
				SDKROOT = iphoneos;
				TARGETED_DEVICE_FAMILY = "1,2";
				VALIDATE_PRODUCT = YES;
			};
			name = Release;
		};
		AB6ADD1A1586F7060053407F /* Debug */ = {
			isa = XCBuildConfiguration;
			buildSettings = {
				GCC_PRECOMPILE_PREFIX_HEADER = YES;
				GCC_PREFIX_HEADER = "GestureExample/GestureExample-Prefix.pch";
				INFOPLIST_FILE = "GestureExample/GestureExample-Info.plist";
				PRODUCT_NAME = "$(TARGET_NAME)";
				WRAPPER_EXTENSION = app;
			};
			name = Debug;
		};
		AB6ADD1B1586F7060053407F /* Release */ = {
			isa = XCBuildConfiguration;
			buildSettings = {
				GCC_PRECOMPILE_PREFIX_HEADER = YES;
				GCC_PREFIX_HEADER = "GestureExample/GestureExample-Prefix.pch";
				INFOPLIST_FILE = "GestureExample/GestureExample-Info.plist";
				PRODUCT_NAME = "$(TARGET_NAME)";
				WRAPPER_EXTENSION = app;
			};
			name = Release;
		};
/* End XCBuildConfiguration section */

/* Begin XCConfigurationList section */
		AB6ADCE61586F7050053407F /* Build configuration list for PBXProject "GestureExample" */ = {
			isa = XCConfigurationList;
			buildConfigurations = (
				AB6ADD171586F7060053407F /* Debug */,
				AB6ADD181586F7060053407F /* Release */,
			);
			defaultConfigurationIsVisible = 0;
			defaultConfigurationName = Release;
		};
		AB6ADD191586F7060053407F /* Build configuration list for PBXNativeTarget "GestureExample" */ = {
			isa = XCConfigurationList;
			buildConfigurations = (
				AB6ADD1A1586F7060053407F /* Debug */,
				AB6ADD1B1586F7060053407F /* Release */,
			);
			defaultConfigurationIsVisible = 0;
			defaultConfigurationName = Release;
		};
/* End XCConfigurationList section */
	};
	rootObject = AB6ADCE31586F7050053407F /* Project object */;
}
